
Microsoft Visual Studio Solution File, Format Version 12.00
# Visual Studio Version 16
VisualStudioVersion = 16.0.30413.136
MinimumVisualStudioVersion = 10.0.40219.1
Project("{FAE04EC0-301F-11D3-BF4B-00C04F79EFBC}") = "hallo-github", "hallo-github\hallo-github.csproj", "{99D0F9DF-BF2B-45CD-8C2A-04FA9FEF0F6E}"
EndProject
Global
	GlobalSection(SolutionConfigurationPlatforms) = preSolution
		Debug|Any CPU = Debug|Any CPU
		Release|Any CPU = Release|Any CPU
	EndGlobalSection
	GlobalSection(ProjectConfigurationPlatforms) = postSolution
		{99D0F9DF-BF2B-45CD-8C2A-04FA9FEF0F6E}.Debug|Any CPU.ActiveCfg = Debug|Any CPU
		{99D0F9DF-BF2B-45CD-8C2A-04FA9FEF0F6E}.Debug|Any CPU.Build.0 = Debug|Any CPU
		{99D0F9DF-BF2B-45CD-8C2A-04FA9FEF0F6E}.Release|Any CPU.ActiveCfg = Release|Any CPU
		{99D0F9DF-BF2B-45CD-8C2A-04FA9FEF0F6E}.Release|Any CPU.Build.0 = Release|Any CPU
	EndGlobalSection
	GlobalSection(SolutionProperties) = preSolution
		HideSolutionNode = FALSE
	EndGlobalSection
	GlobalSection(ExtensibilityGlobals) = postSolution
		SolutionGuid = {5BB43E8C-12B2-4B72-9028-C720A9CC0D91}
	EndGlobalSection
EndGlobal
